
Microsoft Visual Studio Solution File, Format Version 12.00
# Visual Studio Version 17
VisualStudioVersion = 17.13.35931.197 d17.13
MinimumVisualStudioVersion = 10.0.40219.1
Project("{FAE04EC0-301F-11D3-BF4B-00C04F79EFBC}") = "LESSON-GitHub_HOMEWORK", "LESSON-GitHub_HOMEWORK\LESSON-GitHub_HOMEWORK.csproj", "{8A613F66-2C1C-448B-9864-C9BC7358493F}"
EndProject
Global
	GlobalSection(SolutionConfigurationPlatforms) = preSolution
		Debug|Any CPU = Debug|Any CPU
		Release|Any CPU = Release|Any CPU
	EndGlobalSection
	GlobalSection(ProjectConfigurationPlatforms) = postSolution
		{8A613F66-2C1C-448B-9864-C9BC7358493F}.Debug|Any CPU.ActiveCfg = Debug|Any CPU
		{8A613F66-2C1C-448B-9864-C9BC7358493F}.Debug|Any CPU.Build.0 = Debug|Any CPU
		{8A613F66-2C1C-448B-9864-C9BC7358493F}.Release|Any CPU.ActiveCfg = Release|Any CPU
		{8A613F66-2C1C-448B-9864-C9BC7358493F}.Release|Any CPU.Build.0 = Release|Any CPU
	EndGlobalSection
	GlobalSection(SolutionProperties) = preSolution
		HideSolutionNode = FALSE
	EndGlobalSection
	GlobalSection(ExtensibilityGlobals) = postSolution
		SolutionGuid = {E62E673B-7AE4-46C2-850E-9D437D2FA16C}
	EndGlobalSection
EndGlobal
